
Microsoft Visual Studio Solution File, Format Version 12.00
# Visual Studio 15
VisualStudioVersion = 15.0.27428.2043
MinimumVisualStudioVersion = 10.0.40219.1
Project("{FAE04EC0-301F-11D3-BF4B-00C04F79EFBC}") = "MvvmCrossApp.Android", "MvvmCrossApp\MvvmCrossApp.Android\MvvmCrossApp.Android.csproj", "{931CDDB1-003C-4E08-AB54-90927769916B}"
EndProject
Project("{FAE04EC0-301F-11D3-BF4B-00C04F79EFBC}") = "MvvmCrossApp.iOS", "MvvmCrossApp\MvvmCrossApp.iOS\MvvmCrossApp.iOS.csproj", "{3D6B5EA3-6512-46B8-9455-6D5A0C5AB6C3}"
EndProject
Project("{FAE04EC0-301F-11D3-BF4B-00C04F79EFBC}") = "MvvmCrossApp", "MvvmCrossApp\MvvmCrossApp\MvvmCrossApp.csproj", "{2E11C3C2-EBA9-46CB-B579-F707107644A9}"
EndProject
Project("{FAE04EC0-301F-11D3-BF4B-00C04F79EFBC}") = "MvvmCrossApp.Core", "MvvmCrossApp.Core\MvvmCrossApp.Core.csproj", "{49CDEA47-FB13-455E-B1B7-9387E222F271}"
EndProject
Global
	GlobalSection(SolutionConfigurationPlatforms) = preSolution
		Ad-Hoc|Any CPU = Ad-Hoc|Any CPU
		Ad-Hoc|iPhone = Ad-Hoc|iPhone
		Ad-Hoc|iPhoneSimulator = Ad-Hoc|iPhoneSimulator
		AppStore|Any CPU = AppStore|Any CPU
		AppStore|iPhone = AppStore|iPhone
		AppStore|iPhoneSimulator = AppStore|iPhoneSimulator
		Debug|Any CPU = Debug|Any CPU
		Debug|iPhone = Debug|iPhone
		Debug|iPhoneSimulator = Debug|iPhoneSimulator
		Release|Any CPU = Release|Any CPU
		Release|iPhone = Release|iPhone
		Release|iPhoneSimulator = Release|iPhoneSimulator
	EndGlobalSection
	GlobalSection(ProjectConfigurationPlatforms) = postSolution
		{931CDDB1-003C-4E08-AB54-90927769916B}.Ad-Hoc|Any CPU.ActiveCfg = Release|Any CPU
		{931CDDB1-003C-4E08-AB54-90927769916B}.Ad-Hoc|Any CPU.Build.0 = Release|Any CPU
		{931CDDB1-003C-4E08-AB54-90927769916B}.Ad-Hoc|Any CPU.Deploy.0 = Release|Any CPU
		{931CDDB1-003C-4E08-AB54-90927769916B}.Ad-Hoc|iPhone.ActiveCfg = Release|Any CPU
		{931CDDB1-003C-4E08-AB54-90927769916B}.Ad-Hoc|iPhone.Build.0 = Release|Any CPU
		{931CDDB1-003C-4E08-AB54-90927769916B}.Ad-Hoc|iPhone.Deploy.0 = Release|Any CPU
		{931CDDB1-003C-4E08-AB54-90927769916B}.Ad-Hoc|iPhoneSimulator.ActiveCfg = Release|Any CPU
		{931CDDB1-003C-4E08-AB54-90927769916B}.Ad-Hoc|iPhoneSimulator.Build.0 = Release|Any CPU
		{931CDDB1-003C-4E08-AB54-90927769916B}.Ad-Hoc|iPhoneSimulator.Deploy.0 = Release|Any CPU
		{931CDDB1-003C-4E08-AB54-90927769916B}.AppStore|Any CPU.ActiveCfg = Release|Any CPU
		{931CDDB1-003C-4E08-AB54-90927769916B}.AppStore|Any CPU.Build.0 = Release|Any CPU
		{931CDDB1-003C-4E08-AB54-90927769916B}.AppStore|Any CPU.Deploy.0 = Release|Any CPU
		{931CDDB1-003C-4E08-AB54-90927769916B}.AppStore|iPhone.ActiveCfg = Release|Any CPU
		{931CDDB1-003C-4E08-AB54-90927769916B}.AppStore|iPhone.Build.0 = Release|Any CPU
		{931CDDB1-003C-4E08-AB54-90927769916B}.AppStore|iPhone.Deploy.0 = Release|Any CPU
		{931CDDB1-003C-4E08-AB54-90927769916B}.AppStore|iPhoneSimulator.ActiveCfg = Release|Any CPU
		{931CDDB1-003C-4E08-AB54-90927769916B}.AppStore|iPhoneSimulator.Build.0 = Release|Any CPU
		{931CDDB1-003C-4E08-AB54-90927769916B}.AppStore|iPhoneSimulator.Deploy.0 = Release|Any CPU
		{931CDDB1-003C-4E08-AB54-90927769916B}.Debug|Any CPU.ActiveCfg = Debug|Any CPU
		{931CDDB1-003C-4E08-AB54-90927769916B}.Debug|Any CPU.Build.0 = Debug|Any CPU
		{931CDDB1-003C-4E08-AB54-90927769916B}.Debug|Any CPU.Deploy.0 = Debug|Any CPU
		{931CDDB1-003C-4E08-AB54-90927769916B}.Debug|iPhone.ActiveCfg = Debug|Any CPU
		{931CDDB1-003C-4E08-AB54-90927769916B}.Debug|iPhone.Build.0 = Debug|Any CPU
		{931CDDB1-003C-4E08-AB54-90927769916B}.Debug|iPhone.Deploy.0 = Debug|Any CPU
		{931CDDB1-003C-4E08-AB54-90927769916B}.Debug|iPhoneSimulator.ActiveCfg = Debug|Any CPU
		{931CDDB1-003C-4E08-AB54-90927769916B}.Debug|iPhoneSimulator.Build.0 = Debug|Any CPU
		{931CDDB1-003C-4E08-AB54-90927769916B}.Debug|iPhoneSimulator.Deploy.0 = Debug|Any CPU
		{931CDDB1-003C-4E08-AB54-90927769916B}.Release|Any CPU.ActiveCfg = Release|Any CPU
		{931CDDB1-003C-4E08-AB54-90927769916B}.Release|Any CPU.Build.0 = Release|Any CPU
		{931CDDB1-003C-4E08-AB54-90927769916B}.Release|Any CPU.Deploy.0 = Release|Any CPU
		{931CDDB1-003C-4E08-AB54-90927769916B}.Release|iPhone.ActiveCfg = Release|Any CPU
		{931CDDB1-003C-4E08-AB54-90927769916B}.Release|iPhone.Build.0 = Release|Any CPU
		{931CDDB1-003C-4E08-AB54-90927769916B}.Release|iPhone.Deploy.0 = Release|Any CPU
		{931CDDB1-003C-4E08-AB54-90927769916B}.Release|iPhoneSimulator.ActiveCfg = Release|Any CPU
		{931CDDB1-003C-4E08-AB54-90927769916B}.Release|iPhoneSimulator.Build.0 = Release|Any CPU
		{931CDDB1-003C-4E08-AB54-90927769916B}.Release|iPhoneSimulator.Deploy.0 = Release|Any CPU
		{3D6B5EA3-6512-46B8-9455-6D5A0C5AB6C3}.Ad-Hoc|Any CPU.ActiveCfg = Ad-Hoc|iPhone
		{3D6B5EA3-6512-46B8-9455-6D5A0C5AB6C3}.Ad-Hoc|iPhone.ActiveCfg = Ad-Hoc|iPhone
		{3D6B5EA3-6512-46B8-9455-6D5A0C5AB6C3}.Ad-Hoc|iPhone.Build.0 = Ad-Hoc|iPhone
		{3D6B5EA3-6512-46B8-9455-6D5A0C5AB6C3}.Ad-Hoc|iPhoneSimulator.ActiveCfg = Ad-Hoc|iPhoneSimulator
		{3D6B5EA3-6512-46B8-9455-6D5A0C5AB6C3}.Ad-Hoc|iPhoneSimulator.Build.0 = Ad-Hoc|iPhoneSimulator
		{3D6B5EA3-6512-46B8-9455-6D5A0C5AB6C3}.AppStore|Any CPU.ActiveCfg = AppStore|iPhone
		{3D6B5EA3-6512-46B8-9455-6D5A0C5AB6C3}.AppStore|iPhone.ActiveCfg = AppStore|iPhone
		{3D6B5EA3-6512-46B8-9455-6D5A0C5AB6C3}.AppStore|iPhone.Build.0 = AppStore|iPhone
		{3D6B5EA3-6512-46B8-9455-6D5A0C5AB6C3}.AppStore|iPhoneSimulator.ActiveCfg = AppStore|iPhoneSimulator
		{3D6B5EA3-6512-46B8-9455-6D5A0C5AB6C3}.AppStore|iPhoneSimulator.Build.0 = AppStore|iPhoneSimulator
		{3D6B5EA3-6512-46B8-9455-6D5A0C5AB6C3}.Debug|Any CPU.ActiveCfg = Debug|iPhone
		{3D6B5EA3-6512-46B8-9455-6D5A0C5AB6C3}.Debug|iPhone.ActiveCfg = Debug|iPhone
		{3D6B5EA3-6512-46B8-9455-6D5A0C5AB6C3}.Debug|iPhone.Build.0 = Debug|iPhone
		{3D6B5EA3-6512-46B8-9455-6D5A0C5AB6C3}.Debug|iPhoneSimulator.ActiveCfg = Debug|iPhoneSimulator
		{3D6B5EA3-6512-46B8-9455-6D5A0C5AB6C3}.Debug|iPhoneSimulator.Build.0 = Debug|iPhoneSimulator
		{3D6B5EA3-6512-46B8-9455-6D5A0C5AB6C3}.Release|Any CPU.ActiveCfg = Release|iPhone
		{3D6B5EA3-6512-46B8-9455-6D5A0C5AB6C3}.Release|iPhone.ActiveCfg = Release|iPhone
		{3D6B5EA3-6512-46B8-9455-6D5A0C5AB6C3}.Release|iPhone.Build.0 = Release|iPhone
		{3D6B5EA3-6512-46B8-9455-6D5A0C5AB6C3}.Release|iPhoneSimulator.ActiveCfg = Release|iPhoneSimulator
		{3D6B5EA3-6512-46B8-9455-6D5A0C5AB6C3}.Release|iPhoneSimulator.Build.0 = Release|iPhoneSimulator
		{2E11C3C2-EBA9-46CB-B579-F707107644A9}.Ad-Hoc|Any CPU.ActiveCfg = Debug|Any CPU
		{2E11C3C2-EBA9-46CB-B579-F707107644A9}.Ad-Hoc|Any CPU.Build.0 = Debug|Any CPU
		{2E11C3C2-EBA9-46CB-B579-F707107644A9}.Ad-Hoc|iPhone.ActiveCfg = Debug|Any CPU
		{2E11C3C2-EBA9-46CB-B579-F707107644A9}.Ad-Hoc|iPhone.Build.0 = Debug|Any CPU
		{2E11C3C2-EBA9-46CB-B579-F707107644A9}.Ad-Hoc|iPhoneSimulator.ActiveCfg = Debug|Any CPU
		{2E11C3C2-EBA9-46CB-B579-F707107644A9}.Ad-Hoc|iPhoneSimulator.Build.0 = Debug|Any CPU
		{2E11C3C2-EBA9-46CB-B579-F707107644A9}.AppStore|Any CPU.ActiveCfg = Debug|Any CPU
		{2E11C3C2-EBA9-46CB-B579-F707107644A9}.AppStore|Any CPU.Build.0 = Debug|Any CPU
		{2E11C3C2-EBA9-46CB-B579-F707107644A9}.AppStore|iPhone.ActiveCfg = Debug|Any CPU
		{2E11C3C2-EBA9-46CB-B579-F707107644A9}.AppStore|iPhone.Build.0 = Debug|Any CPU
		{2E11C3C2-EBA9-46CB-B579-F707107644A9}.AppStore|iPhoneSimulator.ActiveCfg = Debug|Any CPU
		{2E11C3C2-EBA9-46CB-B579-F707107644A9}.AppStore|iPhoneSimulator.Build.0 = Debug|Any CPU
		{2E11C3C2-EBA9-46CB-B579-F707107644A9}.Debug|Any CPU.ActiveCfg = Debug|Any CPU
		{2E11C3C2-EBA9-46CB-B579-F707107644A9}.Debug|Any CPU.Build.0 = Debug|Any CPU
		{2E11C3C2-EBA9-46CB-B579-F707107644A9}.Debug|iPhone.ActiveCfg = Debug|Any CPU
		{2E11C3C2-EBA9-46CB-B579-F707107644A9}.Debug|iPhone.Build.0 = Debug|Any CPU
		{2E11C3C2-EBA9-46CB-B579-F707107644A9}.Debug|iPhoneSimulator.ActiveCfg = Debug|Any CPU
		{2E11C3C2-EBA9-46CB-B579-F707107644A9}.Debug|iPhoneSimulator.Build.0 = Debug|Any CPU
		{2E11C3C2-EBA9-46CB-B579-F707107644A9}.Release|Any CPU.ActiveCfg = Release|Any CPU
		{2E11C3C2-EBA9-46CB-B579-F707107644A9}.Release|Any CPU.Build.0 = Release|Any CPU
		{2E11C3C2-EBA9-46CB-B579-F707107644A9}.Release|iPhone.ActiveCfg = Release|Any CPU
		{2E11C3C2-EBA9-46CB-B579-F707107644A9}.Release|iPhone.Build.0 = Release|Any CPU
		{2E11C3C2-EBA9-46CB-B579-F707107644A9}.Release|iPhoneSimulator.ActiveCfg = Release|Any CPU
		{2E11C3C2-EBA9-46CB-B579-F707107644A9}.Release|iPhoneSimulator.Build.0 = Release|Any CPU
		{49CDEA47-FB13-455E-B1B7-9387E222F271}.Ad-Hoc|Any CPU.ActiveCfg = Debug|Any CPU
		{49CDEA47-FB13-455E-B1B7-9387E222F271}.Ad-Hoc|Any CPU.Build.0 = Debug|Any CPU
		{49CDEA47-FB13-455E-B1B7-9387E222F271}.Ad-Hoc|iPhone.ActiveCfg = Debug|Any CPU
		{49CDEA47-FB13-455E-B1B7-9387E222F271}.Ad-Hoc|iPhone.Build.0 = Debug|Any CPU
		{49CDEA47-FB13-455E-B1B7-9387E222F271}.Ad-Hoc|iPhoneSimulator.ActiveCfg = Debug|Any CPU
		{49CDEA47-FB13-455E-B1B7-9387E222F271}.Ad-Hoc|iPhoneSimulator.Build.0 = Debug|Any CPU
		{49CDEA47-FB13-455E-B1B7-9387E222F271}.AppStore|Any CPU.ActiveCfg = Debug|Any CPU
		{49CDEA47-FB13-455E-B1B7-9387E222F271}.AppStore|Any CPU.Build.0 = Debug|Any CPU
		{49CDEA47-FB13-455E-B1B7-9387E222F271}.AppStore|iPhone.ActiveCfg = Debug|Any CPU
		{49CDEA47-FB13-455E-B1B7-9387E222F271}.AppStore|iPhone.Build.0 = Debug|Any CPU
		{49CDEA47-FB13-455E-B1B7-9387E222F271}.AppStore|iPhoneSimulator.ActiveCfg = Debug|Any CPU
		{49CDEA47-FB13-455E-B1B7-9387E222F271}.AppStore|iPhoneSimulator.Build.0 = Debug|Any CPU
		{49CDEA47-FB13-455E-B1B7-9387E222F271}.Debug|Any CPU.ActiveCfg = Debug|Any CPU
		{49CDEA47-FB13-455E-B1B7-9387E222F271}.Debug|Any CPU.Build.0 = Debug|Any CPU
		{49CDEA47-FB13-455E-B1B7-9387E222F271}.Debug|iPhone.ActiveCfg = Debug|Any CPU
		{49CDEA47-FB13-455E-B1B7-9387E222F271}.Debug|iPhone.Build.0 = Debug|Any CPU
		{49CDEA47-FB13-455E-B1B7-9387E222F271}.Debug|iPhoneSimulator.ActiveCfg = Debug|Any CPU
		{49CDEA47-FB13-455E-B1B7-9387E222F271}.Debug|iPhoneSimulator.Build.0 = Debug|Any CPU
		{49CDEA47-FB13-455E-B1B7-9387E222F271}.Release|Any CPU.ActiveCfg = Release|Any CPU
		{49CDEA47-FB13-455E-B1B7-9387E222F271}.Release|Any CPU.Build.0 = Release|Any CPU
		{49CDEA47-FB13-455E-B1B7-9387E222F271}.Release|iPhone.ActiveCfg = Release|Any CPU
		{49CDEA47-FB13-455E-B1B7-9387E222F271}.Release|iPhone.Build.0 = Release|Any CPU
		{49CDEA47-FB13-455E-B1B7-9387E222F271}.Release|iPhoneSimulator.ActiveCfg = Release|Any CPU
		{49CDEA47-FB13-455E-B1B7-9387E222F271}.Release|iPhoneSimulator.Build.0 = Release|Any CPU
	EndGlobalSection
	GlobalSection(SolutionProperties) = preSolution
		HideSolutionNode = FALSE
	EndGlobalSection
	GlobalSection(ExtensibilityGlobals) = postSolution
		SolutionGuid = {E36415E7-B30F-443E-BC39-0B2A0125585E}
	EndGlobalSection
EndGlobal
